
Microsoft Visual Studio Solution File, Format Version 12.00
# Visual Studio 15
VisualStudioVersion = 15.0.26730.16
MinimumVisualStudioVersion = 10.0.40219.1
Project("{9A19103F-16F7-4668-BE54-9A1E7A4F7556}") = "AutoRespect.AuthorizationServer.Api", "src\AutoRespect.AuthorizationServer.Api\AutoRespect.AuthorizationServer.Api.csproj", "{AAE9991C-0F43-4844-8E70-412223E53CEA}"
EndProject
Project("{2150E333-8FDC-42A3-9474-1A3956D46DE8}") = "src", "src", "{4067622D-2875-41F4-9386-2BADFEEA767C}"
EndProject
Project("{9A19103F-16F7-4668-BE54-9A1E7A4F7556}") = "AutoRespect.AuthorizationServer.Design", "src\AutoRespect.AuthorizationServer.Design\AutoRespect.AuthorizationServer.Design.csproj", "{A97DA7C6-7D52-4B6E-8B4F-A283D3601A5A}"
EndProject
Project("{9A19103F-16F7-4668-BE54-9A1E7A4F7556}") = "AutoRespect.AuthorizationServer.Business", "src\AutoRespect.AuthorizationServer.Business\AutoRespect.AuthorizationServer.Business.csproj", "{DB6709CE-07ED-431C-962F-D8953F36BB6E}"
EndProject
Project("{9A19103F-16F7-4668-BE54-9A1E7A4F7556}") = "AutoRespect.AuthorizationServer.DataAccess", "src\AutoRespect.AuthorizationServer.DataAccess\AutoRespect.AuthorizationServer.DataAccess.csproj", "{142D428B-402C-46E6-A238-4B00DFF23245}"
EndProject
Project("{2150E333-8FDC-42A3-9474-1A3956D46DE8}") = "libs", "libs", "{003C7D25-2EEB-4807-8A90-EA05C3D7D520}"
EndProject
Project("{2150E333-8FDC-42A3-9474-1A3956D46DE8}") = "infrastructure", "infrastructure", "{4FC4D3E8-0248-4E7F-8F8C-BA65539FB6AD}"
EndProject
Project("{9A19103F-16F7-4668-BE54-9A1E7A4F7556}") = "AutoRespect.Infrastructure.OAuth.Jwt", "submodules\AutoRespect2.0-Infrastructure\src\AutoRespect.Infrastructure.OAuth.Jwt\AutoRespect.Infrastructure.OAuth.Jwt.csproj", "{11B1671C-D792-4600-ACBF-D3E4FCEF6A7A}"
EndProject
Project("{9A19103F-16F7-4668-BE54-9A1E7A4F7556}") = "AutoRespect.Infrastructure.DI.Design", "submodules\AutoRespect2.0-Infrastructure\src\AutoRespect.Infrastructure.DI.Design\AutoRespect.Infrastructure.DI.Design.csproj", "{C37B67BE-6C45-4278-9542-D78123FB235F}"
EndProject
Project("{9A19103F-16F7-4668-BE54-9A1E7A4F7556}") = "AutoRespect.Infrastructure.DI", "submodules\AutoRespect2.0-Infrastructure\src\AutoRespect.Infrastructure.DI\AutoRespect.Infrastructure.DI.csproj", "{AC0F2A08-95A7-4CC9-BE8A-62A0748D201A}"
EndProject
Project("{9A19103F-16F7-4668-BE54-9A1E7A4F7556}") = "AutoRespect.Infrastructure.DataAccess.Design", "submodules\AutoRespect2.0-Infrastructure\src\AutoRespect.Infrastructure.DataAccess.Design\AutoRespect.Infrastructure.DataAccess.Design.csproj", "{0B7DAADE-3C37-4F74-8C88-F7A00E331A49}"
EndProject
Project("{9A19103F-16F7-4668-BE54-9A1E7A4F7556}") = "AutoRespect.Infrastructure.DataAccess", "submodules\AutoRespect2.0-Infrastructure\src\AutoRespect.Infrastructure.DataAccess\AutoRespect.Infrastructure.DataAccess.csproj", "{533744ED-7CD4-45C5-A198-E765A30788DE}"
EndProject
Project("{9A19103F-16F7-4668-BE54-9A1E7A4F7556}") = "AutoRespect.Infrastructure.ServiceDiscovery.Design", "submodules\AutoRespect2.0-Infrastructure\src\AutoRespect.Infrastructure.ServiceDiscovery.Design\AutoRespect.Infrastructure.ServiceDiscovery.Design.csproj", "{5882B704-D0B6-4789-9091-8D5E0EB1511B}"
EndProject
Project("{9A19103F-16F7-4668-BE54-9A1E7A4F7556}") = "AutoRespect.Infrastructure.ServiceDiscovery", "submodules\AutoRespect2.0-Infrastructure\src\AutoRespect.Infrastructure.ServiceDiscovery\AutoRespect.Infrastructure.ServiceDiscovery.csproj", "{EEB041F2-2FA5-4AA3-8B23-3F66104B4286}"
EndProject
Project("{9A19103F-16F7-4668-BE54-9A1E7A4F7556}") = "AutoRespect.Infrastructure.Errors.Design", "submodules\AutoRespect2.0-Infrastructure\src\AutoRespect.Infrastructure.Errors.Design\AutoRespect.Infrastructure.Errors.Design.csproj", "{EE4AFE77-8BB9-4616-BAA1-44EAAABC8052}"
EndProject
Global
	GlobalSection(SolutionConfigurationPlatforms) = preSolution
		Debug|Any CPU = Debug|Any CPU
		Release|Any CPU = Release|Any CPU
	EndGlobalSection
	GlobalSection(ProjectConfigurationPlatforms) = postSolution
		{AAE9991C-0F43-4844-8E70-412223E53CEA}.Debug|Any CPU.ActiveCfg = Debug|Any CPU
		{AAE9991C-0F43-4844-8E70-412223E53CEA}.Debug|Any CPU.Build.0 = Debug|Any CPU
		{AAE9991C-0F43-4844-8E70-412223E53CEA}.Release|Any CPU.ActiveCfg = Release|Any CPU
		{AAE9991C-0F43-4844-8E70-412223E53CEA}.Release|Any CPU.Build.0 = Release|Any CPU
		{A97DA7C6-7D52-4B6E-8B4F-A283D3601A5A}.Debug|Any CPU.ActiveCfg = Debug|Any CPU
		{A97DA7C6-7D52-4B6E-8B4F-A283D3601A5A}.Debug|Any CPU.Build.0 = Debug|Any CPU
		{A97DA7C6-7D52-4B6E-8B4F-A283D3601A5A}.Release|Any CPU.ActiveCfg = Release|Any CPU
		{A97DA7C6-7D52-4B6E-8B4F-A283D3601A5A}.Release|Any CPU.Build.0 = Release|Any CPU
		{DB6709CE-07ED-431C-962F-D8953F36BB6E}.Debug|Any CPU.ActiveCfg = Debug|Any CPU
		{DB6709CE-07ED-431C-962F-D8953F36BB6E}.Debug|Any CPU.Build.0 = Debug|Any CPU
		{DB6709CE-07ED-431C-962F-D8953F36BB6E}.Release|Any CPU.ActiveCfg = Release|Any CPU
		{DB6709CE-07ED-431C-962F-D8953F36BB6E}.Release|Any CPU.Build.0 = Release|Any CPU
		{142D428B-402C-46E6-A238-4B00DFF23245}.Debug|Any CPU.ActiveCfg = Debug|Any CPU
		{142D428B-402C-46E6-A238-4B00DFF23245}.Debug|Any CPU.Build.0 = Debug|Any CPU
		{142D428B-402C-46E6-A238-4B00DFF23245}.Release|Any CPU.ActiveCfg = Release|Any CPU
		{142D428B-402C-46E6-A238-4B00DFF23245}.Release|Any CPU.Build.0 = Release|Any CPU
		{11B1671C-D792-4600-ACBF-D3E4FCEF6A7A}.Debug|Any CPU.ActiveCfg = Debug|Any CPU
		{11B1671C-D792-4600-ACBF-D3E4FCEF6A7A}.Debug|Any CPU.Build.0 = Debug|Any CPU
		{11B1671C-D792-4600-ACBF-D3E4FCEF6A7A}.Release|Any CPU.ActiveCfg = Release|Any CPU
		{11B1671C-D792-4600-ACBF-D3E4FCEF6A7A}.Release|Any CPU.Build.0 = Release|Any CPU
		{C37B67BE-6C45-4278-9542-D78123FB235F}.Debug|Any CPU.ActiveCfg = Debug|Any CPU
		{C37B67BE-6C45-4278-9542-D78123FB235F}.Debug|Any CPU.Build.0 = Debug|Any CPU
		{C37B67BE-6C45-4278-9542-D78123FB235F}.Release|Any CPU.ActiveCfg = Release|Any CPU
		{C37B67BE-6C45-4278-9542-D78123FB235F}.Release|Any CPU.Build.0 = Release|Any CPU
		{AC0F2A08-95A7-4CC9-BE8A-62A0748D201A}.Debug|Any CPU.ActiveCfg = Debug|Any CPU
		{AC0F2A08-95A7-4CC9-BE8A-62A0748D201A}.Debug|Any CPU.Build.0 = Debug|Any CPU
		{AC0F2A08-95A7-4CC9-BE8A-62A0748D201A}.Release|Any CPU.ActiveCfg = Release|Any CPU
		{AC0F2A08-95A7-4CC9-BE8A-62A0748D201A}.Release|Any CPU.Build.0 = Release|Any CPU
		{0B7DAADE-3C37-4F74-8C88-F7A00E331A49}.Debug|Any CPU.ActiveCfg = Debug|Any CPU
		{0B7DAADE-3C37-4F74-8C88-F7A00E331A49}.Debug|Any CPU.Build.0 = Debug|Any CPU
		{0B7DAADE-3C37-4F74-8C88-F7A00E331A49}.Release|Any CPU.ActiveCfg = Release|Any CPU
		{0B7DAADE-3C37-4F74-8C88-F7A00E331A49}.Release|Any CPU.Build.0 = Release|Any CPU
		{533744ED-7CD4-45C5-A198-E765A30788DE}.Debug|Any CPU.ActiveCfg = Debug|Any CPU
		{533744ED-7CD4-45C5-A198-E765A30788DE}.Debug|Any CPU.Build.0 = Debug|Any CPU
		{533744ED-7CD4-45C5-A198-E765A30788DE}.Release|Any CPU.ActiveCfg = Release|Any CPU
		{533744ED-7CD4-45C5-A198-E765A30788DE}.Release|Any CPU.Build.0 = Release|Any CPU
		{5882B704-D0B6-4789-9091-8D5E0EB1511B}.Debug|Any CPU.ActiveCfg = Debug|Any CPU
		{5882B704-D0B6-4789-9091-8D5E0EB1511B}.Debug|Any CPU.Build.0 = Debug|Any CPU
		{5882B704-D0B6-4789-9091-8D5E0EB1511B}.Release|Any CPU.ActiveCfg = Release|Any CPU
		{5882B704-D0B6-4789-9091-8D5E0EB1511B}.Release|Any CPU.Build.0 = Release|Any CPU
		{EEB041F2-2FA5-4AA3-8B23-3F66104B4286}.Debug|Any CPU.ActiveCfg = Debug|Any CPU
		{EEB041F2-2FA5-4AA3-8B23-3F66104B4286}.Debug|Any CPU.Build.0 = Debug|Any CPU
		{EEB041F2-2FA5-4AA3-8B23-3F66104B4286}.Release|Any CPU.ActiveCfg = Release|Any CPU
		{EEB041F2-2FA5-4AA3-8B23-3F66104B4286}.Release|Any CPU.Build.0 = Release|Any CPU
		{EE4AFE77-8BB9-4616-BAA1-44EAAABC8052}.Debug|Any CPU.ActiveCfg = Debug|Any CPU
		{EE4AFE77-8BB9-4616-BAA1-44EAAABC8052}.Debug|Any CPU.Build.0 = Debug|Any CPU
		{EE4AFE77-8BB9-4616-BAA1-44EAAABC8052}.Release|Any CPU.ActiveCfg = Release|Any CPU
		{EE4AFE77-8BB9-4616-BAA1-44EAAABC8052}.Release|Any CPU.Build.0 = Release|Any CPU
	EndGlobalSection
	GlobalSection(SolutionProperties) = preSolution
		HideSolutionNode = FALSE
	EndGlobalSection
	GlobalSection(NestedProjects) = preSolution
		{AAE9991C-0F43-4844-8E70-412223E53CEA} = {4067622D-2875-41F4-9386-2BADFEEA767C}
		{A97DA7C6-7D52-4B6E-8B4F-A283D3601A5A} = {4067622D-2875-41F4-9386-2BADFEEA767C}
		{DB6709CE-07ED-431C-962F-D8953F36BB6E} = {4067622D-2875-41F4-9386-2BADFEEA767C}
		{142D428B-402C-46E6-A238-4B00DFF23245} = {4067622D-2875-41F4-9386-2BADFEEA767C}
		{4FC4D3E8-0248-4E7F-8F8C-BA65539FB6AD} = {003C7D25-2EEB-4807-8A90-EA05C3D7D520}
		{11B1671C-D792-4600-ACBF-D3E4FCEF6A7A} = {4FC4D3E8-0248-4E7F-8F8C-BA65539FB6AD}
		{C37B67BE-6C45-4278-9542-D78123FB235F} = {4FC4D3E8-0248-4E7F-8F8C-BA65539FB6AD}
		{AC0F2A08-95A7-4CC9-BE8A-62A0748D201A} = {4FC4D3E8-0248-4E7F-8F8C-BA65539FB6AD}
		{0B7DAADE-3C37-4F74-8C88-F7A00E331A49} = {4FC4D3E8-0248-4E7F-8F8C-BA65539FB6AD}
		{533744ED-7CD4-45C5-A198-E765A30788DE} = {4FC4D3E8-0248-4E7F-8F8C-BA65539FB6AD}
		{5882B704-D0B6-4789-9091-8D5E0EB1511B} = {4FC4D3E8-0248-4E7F-8F8C-BA65539FB6AD}
		{EEB041F2-2FA5-4AA3-8B23-3F66104B4286} = {4FC4D3E8-0248-4E7F-8F8C-BA65539FB6AD}
		{EE4AFE77-8BB9-4616-BAA1-44EAAABC8052} = {4FC4D3E8-0248-4E7F-8F8C-BA65539FB6AD}
	EndGlobalSection
	GlobalSection(ExtensibilityGlobals) = postSolution
		SolutionGuid = {CE4A5909-EF45-4571-B14E-0095528EFB45}
	EndGlobalSection
EndGlobal
