
Microsoft Visual Studio Solution File, Format Version 12.00
# Visual Studio 15
VisualStudioVersion = 15.0.26730.16
MinimumVisualStudioVersion = 10.0.40219.1
Project("{9A19103F-16F7-4668-BE54-9A1E7A4F7556}") = "AutoRespect.AuthorizationServer.Api", "src\AutoRespect.AuthorizationServer.Api\AutoRespect.AuthorizationServer.Api.csproj", "{AAE9991C-0F43-4844-8E70-412223E53CEA}"
EndProject
Project("{2150E333-8FDC-42A3-9474-1A3956D46DE8}") = "src", "src", "{4067622D-2875-41F4-9386-2BADFEEA767C}"
EndProject
Project("{9A19103F-16F7-4668-BE54-9A1E7A4F7556}") = "AutoRespect.AuthorizationServer.Design", "src\AutoRespect.AuthorizationServer.Design\AutoRespect.AuthorizationServer.Design.csproj", "{A97DA7C6-7D52-4B6E-8B4F-A283D3601A5A}"
EndProject
Project("{9A19103F-16F7-4668-BE54-9A1E7A4F7556}") = "AutoRespect.AuthorizationServer.Business", "src\AutoRespect.AuthorizationServer.Business\AutoRespect.AuthorizationServer.Business.csproj", "{DB6709CE-07ED-431C-962F-D8953F36BB6E}"
EndProject
Project("{9A19103F-16F7-4668-BE54-9A1E7A4F7556}") = "AutoRespect.AuthorizationServer.DataAccess", "src\AutoRespect.AuthorizationServer.DataAccess\AutoRespect.AuthorizationServer.DataAccess.csproj", "{142D428B-402C-46E6-A238-4B00DFF23245}"
EndProject
Project("{2150E333-8FDC-42A3-9474-1A3956D46DE8}") = "libs", "libs", "{003C7D25-2EEB-4807-8A90-EA05C3D7D520}"
EndProject
Project("{2150E333-8FDC-42A3-9474-1A3956D46DE8}") = "infrastructure", "infrastructure", "{4FC4D3E8-0248-4E7F-8F8C-BA65539FB6AD}"
EndProject
Project("{9A19103F-16F7-4668-BE54-9A1E7A4F7556}") = "AutoRespect.Infrastructure.ErrorHandling", "submodules\AutoRespect2.0-Infrastructure\src\AutoRespect.Infrastructure.ErrorHandling\AutoRespect.Infrastructure.ErrorHandling.csproj", "{2AD15FF3-DB51-4C73-9A51-9EDF988B7E38}"
EndProject
Project("{9A19103F-16F7-4668-BE54-9A1E7A4F7556}") = "AutoRespect.Infrastructure.ErrorHandling.AspNetCore", "submodules\AutoRespect2.0-Infrastructure\src\AutoRespect.Infrastructure.ErrorHandling.AspNetCore\AutoRespect.Infrastructure.ErrorHandling.AspNetCore.csproj", "{F6198BEA-A0C9-4371-A730-44D83D4D8B98}"
EndProject
Project("{2150E333-8FDC-42A3-9474-1A3956D46DE8}") = "oauth", "oauth", "{8A44F327-AD7C-4AE1-A373-461F9DC80581}"
EndProject
Project("{9A19103F-16F7-4668-BE54-9A1E7A4F7556}") = "AutoRespect.Infrastructure.OAuth.Jwt", "submodules\AutoRespect2.0-Infrastructure\src\AutoRespect.Infrastructure.OAuth.Jwt\AutoRespect.Infrastructure.OAuth.Jwt.csproj", "{11B1671C-D792-4600-ACBF-D3E4FCEF6A7A}"
EndProject
Global
	GlobalSection(SolutionConfigurationPlatforms) = preSolution
		Debug|Any CPU = Debug|Any CPU
		Release|Any CPU = Release|Any CPU
	EndGlobalSection
	GlobalSection(ProjectConfigurationPlatforms) = postSolution
		{AAE9991C-0F43-4844-8E70-412223E53CEA}.Debug|Any CPU.ActiveCfg = Debug|Any CPU
		{AAE9991C-0F43-4844-8E70-412223E53CEA}.Debug|Any CPU.Build.0 = Debug|Any CPU
		{AAE9991C-0F43-4844-8E70-412223E53CEA}.Release|Any CPU.ActiveCfg = Release|Any CPU
		{AAE9991C-0F43-4844-8E70-412223E53CEA}.Release|Any CPU.Build.0 = Release|Any CPU
		{A97DA7C6-7D52-4B6E-8B4F-A283D3601A5A}.Debug|Any CPU.ActiveCfg = Debug|Any CPU
		{A97DA7C6-7D52-4B6E-8B4F-A283D3601A5A}.Debug|Any CPU.Build.0 = Debug|Any CPU
		{A97DA7C6-7D52-4B6E-8B4F-A283D3601A5A}.Release|Any CPU.ActiveCfg = Release|Any CPU
		{A97DA7C6-7D52-4B6E-8B4F-A283D3601A5A}.Release|Any CPU.Build.0 = Release|Any CPU
		{DB6709CE-07ED-431C-962F-D8953F36BB6E}.Debug|Any CPU.ActiveCfg = Debug|Any CPU
		{DB6709CE-07ED-431C-962F-D8953F36BB6E}.Debug|Any CPU.Build.0 = Debug|Any CPU
		{DB6709CE-07ED-431C-962F-D8953F36BB6E}.Release|Any CPU.ActiveCfg = Release|Any CPU
		{DB6709CE-07ED-431C-962F-D8953F36BB6E}.Release|Any CPU.Build.0 = Release|Any CPU
		{142D428B-402C-46E6-A238-4B00DFF23245}.Debug|Any CPU.ActiveCfg = Debug|Any CPU
		{142D428B-402C-46E6-A238-4B00DFF23245}.Debug|Any CPU.Build.0 = Debug|Any CPU
		{142D428B-402C-46E6-A238-4B00DFF23245}.Release|Any CPU.ActiveCfg = Release|Any CPU
		{142D428B-402C-46E6-A238-4B00DFF23245}.Release|Any CPU.Build.0 = Release|Any CPU
		{2AD15FF3-DB51-4C73-9A51-9EDF988B7E38}.Debug|Any CPU.ActiveCfg = Debug|Any CPU
		{2AD15FF3-DB51-4C73-9A51-9EDF988B7E38}.Debug|Any CPU.Build.0 = Debug|Any CPU
		{2AD15FF3-DB51-4C73-9A51-9EDF988B7E38}.Release|Any CPU.ActiveCfg = Release|Any CPU
		{2AD15FF3-DB51-4C73-9A51-9EDF988B7E38}.Release|Any CPU.Build.0 = Release|Any CPU
		{F6198BEA-A0C9-4371-A730-44D83D4D8B98}.Debug|Any CPU.ActiveCfg = Debug|Any CPU
		{F6198BEA-A0C9-4371-A730-44D83D4D8B98}.Debug|Any CPU.Build.0 = Debug|Any CPU
		{F6198BEA-A0C9-4371-A730-44D83D4D8B98}.Release|Any CPU.ActiveCfg = Release|Any CPU
		{F6198BEA-A0C9-4371-A730-44D83D4D8B98}.Release|Any CPU.Build.0 = Release|Any CPU
		{11B1671C-D792-4600-ACBF-D3E4FCEF6A7A}.Debug|Any CPU.ActiveCfg = Debug|Any CPU
		{11B1671C-D792-4600-ACBF-D3E4FCEF6A7A}.Debug|Any CPU.Build.0 = Debug|Any CPU
		{11B1671C-D792-4600-ACBF-D3E4FCEF6A7A}.Release|Any CPU.ActiveCfg = Release|Any CPU
		{11B1671C-D792-4600-ACBF-D3E4FCEF6A7A}.Release|Any CPU.Build.0 = Release|Any CPU
	EndGlobalSection
	GlobalSection(SolutionProperties) = preSolution
		HideSolutionNode = FALSE
	EndGlobalSection
	GlobalSection(NestedProjects) = preSolution
		{AAE9991C-0F43-4844-8E70-412223E53CEA} = {4067622D-2875-41F4-9386-2BADFEEA767C}
		{A97DA7C6-7D52-4B6E-8B4F-A283D3601A5A} = {4067622D-2875-41F4-9386-2BADFEEA767C}
		{DB6709CE-07ED-431C-962F-D8953F36BB6E} = {4067622D-2875-41F4-9386-2BADFEEA767C}
		{142D428B-402C-46E6-A238-4B00DFF23245} = {4067622D-2875-41F4-9386-2BADFEEA767C}
		{4FC4D3E8-0248-4E7F-8F8C-BA65539FB6AD} = {003C7D25-2EEB-4807-8A90-EA05C3D7D520}
		{2AD15FF3-DB51-4C73-9A51-9EDF988B7E38} = {4FC4D3E8-0248-4E7F-8F8C-BA65539FB6AD}
		{F6198BEA-A0C9-4371-A730-44D83D4D8B98} = {4FC4D3E8-0248-4E7F-8F8C-BA65539FB6AD}
		{8A44F327-AD7C-4AE1-A373-461F9DC80581} = {4FC4D3E8-0248-4E7F-8F8C-BA65539FB6AD}
		{11B1671C-D792-4600-ACBF-D3E4FCEF6A7A} = {8A44F327-AD7C-4AE1-A373-461F9DC80581}
	EndGlobalSection
	GlobalSection(ExtensibilityGlobals) = postSolution
		SolutionGuid = {CE4A5909-EF45-4571-B14E-0095528EFB45}
	EndGlobalSection
EndGlobal
